
Microsoft Visual Studio Solution File, Format Version 12.00
Project("{FAE04EC0-301F-11D3-BF4B-00C04F79EFBC}") = "API", "API\API.csproj", "{C5CDE677-063A-4F3A-B109-2ED316D41EB6}"
EndProject
Project("{FAE04EC0-301F-11D3-BF4B-00C04F79EFBC}") = "Application", "Application\Application.csproj", "{3F048033-7F20-4491-BDEC-D0279C6DB246}"
EndProject
Project("{FAE04EC0-301F-11D3-BF4B-00C04F79EFBC}") = "Domain", "Domain\Domain.csproj", "{A5B0107D-A807-40B7-946C-AB0C4A25C437}"
EndProject
Project("{FAE04EC0-301F-11D3-BF4B-00C04F79EFBC}") = "Infrastructure", "Infrastructure\Infrastructure.csproj", "{C0893534-B19C-4D0D-8F81-B79260DD6F88}"
EndProject
Global
	GlobalSection(SolutionConfigurationPlatforms) = preSolution
		Debug|Any CPU = Debug|Any CPU
		Release|Any CPU = Release|Any CPU
	EndGlobalSection
	GlobalSection(ProjectConfigurationPlatforms) = postSolution
		{C5CDE677-063A-4F3A-B109-2ED316D41EB6}.Debug|Any CPU.ActiveCfg = Debug|Any CPU
		{C5CDE677-063A-4F3A-B109-2ED316D41EB6}.Debug|Any CPU.Build.0 = Debug|Any CPU
		{C5CDE677-063A-4F3A-B109-2ED316D41EB6}.Release|Any CPU.ActiveCfg = Release|Any CPU
		{C5CDE677-063A-4F3A-B109-2ED316D41EB6}.Release|Any CPU.Build.0 = Release|Any CPU
		{3F048033-7F20-4491-BDEC-D0279C6DB246}.Debug|Any CPU.ActiveCfg = Debug|Any CPU
		{3F048033-7F20-4491-BDEC-D0279C6DB246}.Debug|Any CPU.Build.0 = Debug|Any CPU
		{3F048033-7F20-4491-BDEC-D0279C6DB246}.Release|Any CPU.ActiveCfg = Release|Any CPU
		{3F048033-7F20-4491-BDEC-D0279C6DB246}.Release|Any CPU.Build.0 = Release|Any CPU
		{A5B0107D-A807-40B7-946C-AB0C4A25C437}.Debug|Any CPU.ActiveCfg = Debug|Any CPU
		{A5B0107D-A807-40B7-946C-AB0C4A25C437}.Debug|Any CPU.Build.0 = Debug|Any CPU
		{A5B0107D-A807-40B7-946C-AB0C4A25C437}.Release|Any CPU.ActiveCfg = Release|Any CPU
		{A5B0107D-A807-40B7-946C-AB0C4A25C437}.Release|Any CPU.Build.0 = Release|Any CPU
		{C0893534-B19C-4D0D-8F81-B79260DD6F88}.Debug|Any CPU.ActiveCfg = Debug|Any CPU
		{C0893534-B19C-4D0D-8F81-B79260DD6F88}.Debug|Any CPU.Build.0 = Debug|Any CPU
		{C0893534-B19C-4D0D-8F81-B79260DD6F88}.Release|Any CPU.ActiveCfg = Release|Any CPU
		{C0893534-B19C-4D0D-8F81-B79260DD6F88}.Release|Any CPU.Build.0 = Release|Any CPU
	EndGlobalSection
EndGlobal
